
Microsoft Visual Studio Solution File, Format Version 12.00
# Visual Studio 15
VisualStudioVersion = 15.0.28307.421
MinimumVisualStudioVersion = 10.0.40219.1
Project("{FAE04EC0-301F-11D3-BF4B-00C04F79EFBC}") = "PL.WebAppMVC", "PL.WebAppMVC\PL.WebAppMVC.csproj", "{B93A36C3-454A-4F9C-A382-549900EFB74D}"
EndProject
Project("{FAE04EC0-301F-11D3-BF4B-00C04F79EFBC}") = "DAL.Interfaces", "DAL.Interfaces\DAL.Interfaces.csproj", "{C7FFF9ED-3EBE-410B-B13D-4F23ADEDCB6C}"
EndProject
Project("{FAE04EC0-301F-11D3-BF4B-00C04F79EFBC}") = "DAL.EF", "DAL.EF\DAL.EF.csproj", "{B4B2FE4D-CF5A-4668-9A07-937D550533C9}"
EndProject
Project("{FAE04EC0-301F-11D3-BF4B-00C04F79EFBC}") = "BLL.CoreEntities", "BLL.CoreEntities\BLL.CoreEntities.csproj", "{FF8A353C-9581-4F88-99F6-801D308CDE30}"
EndProject
Global
	GlobalSection(SolutionConfigurationPlatforms) = preSolution
		Debug|Any CPU = Debug|Any CPU
		Release|Any CPU = Release|Any CPU
	EndGlobalSection
	GlobalSection(ProjectConfigurationPlatforms) = postSolution
		{B93A36C3-454A-4F9C-A382-549900EFB74D}.Debug|Any CPU.ActiveCfg = Debug|Any CPU
		{B93A36C3-454A-4F9C-A382-549900EFB74D}.Debug|Any CPU.Build.0 = Debug|Any CPU
		{B93A36C3-454A-4F9C-A382-549900EFB74D}.Release|Any CPU.ActiveCfg = Release|Any CPU
		{B93A36C3-454A-4F9C-A382-549900EFB74D}.Release|Any CPU.Build.0 = Release|Any CPU
		{C7FFF9ED-3EBE-410B-B13D-4F23ADEDCB6C}.Debug|Any CPU.ActiveCfg = Debug|Any CPU
		{C7FFF9ED-3EBE-410B-B13D-4F23ADEDCB6C}.Debug|Any CPU.Build.0 = Debug|Any CPU
		{C7FFF9ED-3EBE-410B-B13D-4F23ADEDCB6C}.Release|Any CPU.ActiveCfg = Release|Any CPU
		{C7FFF9ED-3EBE-410B-B13D-4F23ADEDCB6C}.Release|Any CPU.Build.0 = Release|Any CPU
		{B4B2FE4D-CF5A-4668-9A07-937D550533C9}.Debug|Any CPU.ActiveCfg = Debug|Any CPU
		{B4B2FE4D-CF5A-4668-9A07-937D550533C9}.Debug|Any CPU.Build.0 = Debug|Any CPU
		{B4B2FE4D-CF5A-4668-9A07-937D550533C9}.Release|Any CPU.ActiveCfg = Release|Any CPU
		{B4B2FE4D-CF5A-4668-9A07-937D550533C9}.Release|Any CPU.Build.0 = Release|Any CPU
		{FF8A353C-9581-4F88-99F6-801D308CDE30}.Debug|Any CPU.ActiveCfg = Debug|Any CPU
		{FF8A353C-9581-4F88-99F6-801D308CDE30}.Debug|Any CPU.Build.0 = Debug|Any CPU
		{FF8A353C-9581-4F88-99F6-801D308CDE30}.Release|Any CPU.ActiveCfg = Release|Any CPU
		{FF8A353C-9581-4F88-99F6-801D308CDE30}.Release|Any CPU.Build.0 = Release|Any CPU
	EndGlobalSection
	GlobalSection(SolutionProperties) = preSolution
		HideSolutionNode = FALSE
	EndGlobalSection
	GlobalSection(ExtensibilityGlobals) = postSolution
		SolutionGuid = {7E5728E0-CE86-4A92-BB62-2D875E8BDB56}
	EndGlobalSection
EndGlobal
